<?xml version="1.0" encoding="utf-8"?>
<Project ToolsVersion="4.0" xmlns="http://schemas.microsoft.com/developer/msbuild/2003">
  <ItemGroup>
    <Filter Include="Source Files">
      <UniqueIdentifier>{0a71fb24-c4d6-4058-b6c0-2cfb378cfca7}</UniqueIdentifier>
      <Extensions>cpp;c;cxx;rc;def;r;odl;idl;hpj;bat</Extensions>
    </Filter>
    <Filter Include="Header Files">
      <UniqueIdentifier>{7ecd4cf8-a5a6-4678-8493-9ed5d5e857b4}</UniqueIdentifier>
      <Extensions>h;hpp;hxx;hm;inl</Extensions>
    </Filter>
    <Filter Include="Resource Files">
      <UniqueIdentifier>{7e2151db-a0c6-4c54-88ad-119504083f84}</UniqueIdentifier>
      <Extensions>ico;cur;bmp;dlg;rc2;rct;bin;rgs;gif;jpg;jpeg;jpe</Extensions>
    </Filter>
  </ItemGroup>
  <ItemGroup>
    <ClCompile Include="status_reporter.cpp">
      <Filter>Source Files</Filter>
    </ClCompile>
    <ClCompile Include="throughput_pub.cpp">
      <Filter>Source Files</Filter>
    </ClCompile>
  </ItemGroup>
  <ItemGroup>
    <ClInclude Include="status_reporter.h">
      <Filter>Resource Files</Filter>
    </ClInclude>
    <ClInclude Include="throughput_pub.h">
      <Filter>Resource Files</Filter>
    </ClInclude>
  </ItemGroup>
</Project>