<?xml version="1.0" encoding="utf-8"?>
<Project ToolsVersion="4.0" xmlns="http://schemas.microsoft.com/developer/msbuild/2003">
  <ItemGroup>
    <Filter Include="Source Files">
      <UniqueIdentifier>{22fe42ef-16c8-4606-a17c-e8f2ef623034}</UniqueIdentifier>
      <Extensions>cpp;c;cxx;rc;def;r;odl;idl;hpj;bat</Extensions>
    </Filter>
    <Filter Include="Header Files">
      <UniqueIdentifier>{779d2691-17c2-42bc-a4bb-df82bcc50a27}</UniqueIdentifier>
      <Extensions>h;hpp;hxx;hm;inl</Extensions>
    </Filter>
    <Filter Include="Resource Files">
      <UniqueIdentifier>{5a7e28d8-192d-4dc2-a5da-f1f58759c1c7}</UniqueIdentifier>
      <Extensions>ico;cur;bmp;dlg;rc2;rct;bin;rgs;gif;jpg;jpeg;jpe</Extensions>
    </Filter>
  </ItemGroup>
  <ItemGroup>
    <ClCompile Include="status_reporter.cpp">
      <Filter>Source Files</Filter>
    </ClCompile>
    <ClCompile Include="throughput_sub.cpp">
      <Filter>Source Files</Filter>
    </ClCompile>
  </ItemGroup>
  <ItemGroup>
    <ClInclude Include="status_reporter.h">
      <Filter>Header Files</Filter>
    </ClInclude>
    <ClInclude Include="throughput_sub.h">
      <Filter>Header Files</Filter>
    </ClInclude>
  </ItemGroup>
</Project>