<?xml version="1.0" encoding="utf-8"?>
<Project ToolsVersion="4.0" xmlns="http://schemas.microsoft.com/developer/msbuild/2003">
  <ItemGroup>
    <Filter Include="Source Files">
      <UniqueIdentifier>{6806253d-5bf7-41d3-a7f4-39c874d60a3c}</UniqueIdentifier>
      <Extensions>cpp;c;cxx;rc;def;r;odl;idl;hpj;bat</Extensions>
    </Filter>
    <Filter Include="Header Files">
      <UniqueIdentifier>{ffeefed6-631b-468a-a68e-f0148eeb633f}</UniqueIdentifier>
      <Extensions>h;hpp;hxx;hm;inl</Extensions>
    </Filter>
    <Filter Include="Resource Files">
      <UniqueIdentifier>{bbb9de16-cf2f-4590-9c33-1b6eb208b20a}</UniqueIdentifier>
      <Extensions>ico;cur;bmp;dlg;rc2;rct;bin;rgs;gif;jpg;jpeg;jpe</Extensions>
    </Filter>
  </ItemGroup>
  <ItemGroup>
    <ClCompile Include="src\gmsec_mb.cpp">
      <Filter>Source Files</Filter>
    </ClCompile>
    <ClCompile Include="src\MBConnection.cpp">
      <Filter>Source Files</Filter>
    </ClCompile>
    <ClCompile Include="src\MBReaderThread.cpp">
      <Filter>Source Files</Filter>
    </ClCompile>
    <ClCompile Include="src\MBWire.cpp">
      <Filter>Source Files</Filter>
    </ClCompile>
    <ClCompile Include="src\TCPSocket.cpp">
      <Filter>Source Files</Filter>
    </ClCompile>
    <ClCompile Include="src\TCPSocketClient.cpp">
      <Filter>Source Files</Filter>
    </ClCompile>
    <ClCompile Include="src\TCPSocketClientArray.cpp">
      <Filter>Source Files</Filter>
    </ClCompile>
    <ClCompile Include="src\TCPSocketClientReconnector.cpp">
      <Filter>Source Files</Filter>
    </ClCompile>
  </ItemGroup>
  <ItemGroup>
    <ClInclude Include="include\gmsec_mb.h">
      <Filter>Header Files</Filter>
    </ClInclude>
    <ClInclude Include="include\MBConnection.h">
      <Filter>Header Files</Filter>
    </ClInclude>
    <ClInclude Include="include\MBReaderThread.h">
      <Filter>Header Files</Filter>
    </ClInclude>
    <ClInclude Include="include\MBWire.h">
      <Filter>Header Files</Filter>
    </ClInclude>
    <ClInclude Include="include\TCPSocket.h">
      <Filter>Header Files</Filter>
    </ClInclude>
    <ClInclude Include="include\TCPSocketClient.h">
      <Filter>Header Files</Filter>
    </ClInclude>
    <ClInclude Include="include\TCPSocketClientArray.h">
      <Filter>Header Files</Filter>
    </ClInclude>
    <ClInclude Include="include\TCPSocketClientReconnector.h">
      <Filter>Header Files</Filter>
    </ClInclude>
  </ItemGroup>
</Project>